{
    "_meta": {
        "hash": {
            "sha256": "456bb82fc31f364c187d3cbc0335a451cf4454225f43a0d0fc90e0e67520534f"
        },
        "host-environment-markers": {
            "implementation_name": "cpython",
            "implementation_version": "3.6.4",
            "os_name": "posix",
            "platform_machine": "x86_64",
            "platform_python_implementation": "CPython",
            "platform_release": "16.7.0",
            "platform_system": "Darwin",
            "platform_version": "Darwin Kernel Version 16.7.0: Mon Nov 13 21:56:25 PST 2017; root:xnu-3789.72.11~1/RELEASE_X86_64",
            "python_full_version": "3.6.4",
            "python_version": "3.6",
            "sys_platform": "darwin"
        },
        "pipfile-spec": 6,
        "requires": {},
        "sources": [
            {
                "name": "pypi",
                "url": "https://pypi.python.org/simple",
                "verify_ssl": true
            }
        ]
    },
    "default": {
        "certifi": {
            "hashes": [],
            "version": "==2018.1.18"
        },
        "chardet": {
            "hashes": [],
            "version": "==3.0.4"
        },
        "click": {
            "hashes": [],
            "version": "==6.7"
        },
        "flask": {
            "hashes": [],
            "version": "==0.12.2"
        },
        "idna": {
            "hashes": [],
            "version": "==2.6"
        },
        "itsdangerous": {
            "hashes": [],
            "version": "==0.24"
        },
        "jinja2": {
            "hashes": [],
            "version": "==2.10"
        },
        "markupsafe": {
            "hashes": [],
            "version": "==1.0"
        },
        "numpy": {
            "hashes": [],
            "version": "==1.14.0"
        },
        "pandas": {
            "hashes": [],
            "version": "==0.22.0"
        },
        "pypugjs": {
            "hashes": [],
            "version": "==5.1.0"
        },
        "python-dateutil": {
            "hashes": [],
            "version": "==2.6.1"
        },
        "pytz": {
            "hashes": [],
            "version": "==2017.3"
        },
        "pyyaml": {
            "hashes": [],
            "version": "==3.12"
        },
        "requests": {
            "hashes": [],
            "version": "==2.18.4"
        },
        "six": {
            "hashes": [],
            "version": "==1.11.0"
        },
        "urllib3": {
            "hashes": [],
            "version": "==1.22"
        },
        "uuid": {
            "hashes": [],
            "version": "==1.30"
        },
        "websocket-client": {
            "hashes": [],
            "version": "==0.46.0"
        },
        "werkzeug": {
            "hashes": [],
            "version": "==0.14.1"
        }
    },
    "develop": {}
}
